
Microsoft Visual Studio Solution File, Format Version 12.00
# Visual Studio Version 17
VisualStudioVersion = 17.2.32519.379
MinimumVisualStudioVersion = 10.0.40219.1
Project("{9A19103F-16F7-4668-BE54-9A1E7A4F7556}") = "ChatApp.Api", "ChatApp.Api\ChatApp.Api.csproj", "{437DFC9E-EDCA-4D2B-BA75-D47BB08B9C49}"
EndProject
Global
	GlobalSection(SolutionConfigurationPlatforms) = preSolution
		Debug|Any CPU = Debug|Any CPU
		Release|Any CPU = Release|Any CPU
	EndGlobalSection
	GlobalSection(ProjectConfigurationPlatforms) = postSolution
		{437DFC9E-EDCA-4D2B-BA75-D47BB08B9C49}.Debug|Any CPU.ActiveCfg = Debug|Any CPU
		{437DFC9E-EDCA-4D2B-BA75-D47BB08B9C49}.Debug|Any CPU.Build.0 = Debug|Any CPU
		{437DFC9E-EDCA-4D2B-BA75-D47BB08B9C49}.Release|Any CPU.ActiveCfg = Release|Any CPU
		{437DFC9E-EDCA-4D2B-BA75-D47BB08B9C49}.Release|Any CPU.Build.0 = Release|Any CPU
	EndGlobalSection
	GlobalSection(SolutionProperties) = preSolution
		HideSolutionNode = FALSE
	EndGlobalSection
	GlobalSection(ExtensibilityGlobals) = postSolution
		SolutionGuid = {E1E7B1DB-B08E-4C16-A517-840E28FEB97D}
	EndGlobalSection
EndGlobal
